
Microsoft Visual Studio Solution File, Format Version 12.00
# Visual Studio Version 17
VisualStudioVersion = 17.8.34525.116
MinimumVisualStudioVersion = 10.0.40219.1
Project("{9A19103F-16F7-4668-BE54-9A1E7A4F7556}") = "CollimationCircles.net6", "CollimationCircles\CollimationCircles.net6.csproj", "{163BA7F4-CF6E-46CA-A743-3B39951D8903}"
EndProject
Global
	GlobalSection(SolutionConfigurationPlatforms) = preSolution
		Debug|Any CPU = Debug|Any CPU
		Release|Any CPU = Release|Any CPU
	EndGlobalSection
	GlobalSection(ProjectConfigurationPlatforms) = postSolution
		{163BA7F4-CF6E-46CA-A743-3B39951D8903}.Debug|Any CPU.ActiveCfg = Debug|Any CPU
		{163BA7F4-CF6E-46CA-A743-3B39951D8903}.Debug|Any CPU.Build.0 = Debug|Any CPU
		{163BA7F4-CF6E-46CA-A743-3B39951D8903}.Release|Any CPU.ActiveCfg = Release|Any CPU
		{163BA7F4-CF6E-46CA-A743-3B39951D8903}.Release|Any CPU.Build.0 = Release|Any CPU
	EndGlobalSection
	GlobalSection(SolutionProperties) = preSolution
		HideSolutionNode = FALSE
	EndGlobalSection
	GlobalSection(ExtensibilityGlobals) = postSolution
		SolutionGuid = {20BC67F3-DD04-4DE9-8108-6B2CB5424876}
	EndGlobalSection
EndGlobal
