
Microsoft Visual Studio Solution File, Format Version 12.00
# Visual Studio Version 17
VisualStudioVersion = 17.4.33103.184
MinimumVisualStudioVersion = 10.0.40219.1
Project("{9A19103F-16F7-4668-BE54-9A1E7A4F7556}") = "CollimationCircles", "CollimationCircles\CollimationCircles.csproj", "{942F860C-4EA5-413D-AD98-43EB6305DFAE}"
EndProject
Project("{9A19103F-16F7-4668-BE54-9A1E7A4F7556}") = "LicenceManager", "LicenceManager\LicenceManager.csproj", "{FDDA0E95-ED63-44DF-B0F4-6D2AB8F12288}"
EndProject
Project("{FAE04EC0-301F-11D3-BF4B-00C04F79EFBC}") = "CollimationCirclesFeatures", "CollimationCirclesFeatures\CollimationCirclesFeatures.csproj", "{A4C68E52-597B-4A34-8E91-294A2AFB10AA}"
EndProject
Global
	GlobalSection(SolutionConfigurationPlatforms) = preSolution
		Debug|Any CPU = Debug|Any CPU
		Release|Any CPU = Release|Any CPU
	EndGlobalSection
	GlobalSection(ProjectConfigurationPlatforms) = postSolution
		{942F860C-4EA5-413D-AD98-43EB6305DFAE}.Debug|Any CPU.ActiveCfg = Debug|Any CPU
		{942F860C-4EA5-413D-AD98-43EB6305DFAE}.Debug|Any CPU.Build.0 = Debug|Any CPU
		{942F860C-4EA5-413D-AD98-43EB6305DFAE}.Release|Any CPU.ActiveCfg = Release|Any CPU
		{942F860C-4EA5-413D-AD98-43EB6305DFAE}.Release|Any CPU.Build.0 = Release|Any CPU
		{FDDA0E95-ED63-44DF-B0F4-6D2AB8F12288}.Debug|Any CPU.ActiveCfg = Debug|Any CPU
		{FDDA0E95-ED63-44DF-B0F4-6D2AB8F12288}.Debug|Any CPU.Build.0 = Debug|Any CPU
		{FDDA0E95-ED63-44DF-B0F4-6D2AB8F12288}.Release|Any CPU.ActiveCfg = Release|Any CPU
		{FDDA0E95-ED63-44DF-B0F4-6D2AB8F12288}.Release|Any CPU.Build.0 = Release|Any CPU
		{A4C68E52-597B-4A34-8E91-294A2AFB10AA}.Debug|Any CPU.ActiveCfg = Debug|Any CPU
		{A4C68E52-597B-4A34-8E91-294A2AFB10AA}.Debug|Any CPU.Build.0 = Debug|Any CPU
		{A4C68E52-597B-4A34-8E91-294A2AFB10AA}.Release|Any CPU.ActiveCfg = Release|Any CPU
		{A4C68E52-597B-4A34-8E91-294A2AFB10AA}.Release|Any CPU.Build.0 = Release|Any CPU
	EndGlobalSection
	GlobalSection(SolutionProperties) = preSolution
		HideSolutionNode = FALSE
	EndGlobalSection
	GlobalSection(ExtensibilityGlobals) = postSolution
		SolutionGuid = {8B09482C-27C6-49E1-9556-3EE0BAF64C8D}
	EndGlobalSection
EndGlobal
